// !$*UTF8*$!
{
	archiveVersion = 1;
	classes = {
	};
	objectVersion = 55;
	objects = {

/* Begin PBXBuildFile section */
		443C2388267269950084C63F /* Security_CompanionApp.swift in Sources */ = {isa = PBXBuildFile; fileRef = 443C2387267269950084C63F /* Security_CompanionApp.swift */; };
		443C238A267269950084C63F /* ContentView.swift in Sources */ = {isa = PBXBuildFile; fileRef = 443C2389267269950084C63F /* ContentView.swift */; };
		443C238C267269960084C63F /* Assets.xcassets in Resources */ = {isa = PBXBuildFile; fileRef = 443C238B267269960084C63F /* Assets.xcassets */; };
		443C238F267269960084C63F /* Preview Assets.xcassets in Resources */ = {isa = PBXBuildFile; fileRef = 443C238E267269960084C63F /* Preview Assets.xcassets */; };
		443C239B2672744A0084C63F /* SecurityCheck.swift in Sources */ = {isa = PBXBuildFile; fileRef = 443C239A2672744A0084C63F /* SecurityCheck.swift */; };
		443C239D267274810084C63F /* JailbreakDetection.swift in Sources */ = {isa = PBXBuildFile; fileRef = 443C239C267274810084C63F /* JailbreakDetection.swift */; };
		443C239F267274960084C63F /* DetectionMechanism.swift in Sources */ = {isa = PBXBuildFile; fileRef = 443C239E267274960084C63F /* DetectionMechanism.swift */; };
		443C23A126729A590084C63F /* Issue.swift in Sources */ = {isa = PBXBuildFile; fileRef = 443C23A026729A590084C63F /* Issue.swift */; };
		443C23A426729BE90084C63F /* View+isHidden.swift in Sources */ = {isa = PBXBuildFile; fileRef = 443C23A326729BE90084C63F /* View+isHidden.swift */; };
		443C23A626729DD90084C63F /* DescriptionView.swift in Sources */ = {isa = PBXBuildFile; fileRef = 443C23A526729DD80084C63F /* DescriptionView.swift */; };
		443C23A82672A2970084C63F /* Description.swift in Sources */ = {isa = PBXBuildFile; fileRef = 443C23A72672A2970084C63F /* Description.swift */; };
/* End PBXBuildFile section */

/* Begin PBXFileReference section */
		443C2384267269950084C63F /* Security Companion.app */ = {isa = PBXFileReference; explicitFileType = wrapper.application; includeInIndex = 0; path = "Security Companion.app"; sourceTree = BUILT_PRODUCTS_DIR; };
		443C2387267269950084C63F /* Security_CompanionApp.swift */ = {isa = PBXFileReference; lastKnownFileType = sourcecode.swift; path = Security_CompanionApp.swift; sourceTree = "<group>"; };
		443C2389267269950084C63F /* ContentView.swift */ = {isa = PBXFileReference; lastKnownFileType = sourcecode.swift; path = ContentView.swift; sourceTree = "<group>"; };
		443C238B267269960084C63F /* Assets.xcassets */ = {isa = PBXFileReference; lastKnownFileType = folder.assetcatalog; path = Assets.xcassets; sourceTree = "<group>"; };
		443C238E267269960084C63F /* Preview Assets.xcassets */ = {isa = PBXFileReference; lastKnownFileType = folder.assetcatalog; path = "Preview Assets.xcassets"; sourceTree = "<group>"; };
		443C239A2672744A0084C63F /* SecurityCheck.swift */ = {isa = PBXFileReference; lastKnownFileType = sourcecode.swift; path = SecurityCheck.swift; sourceTree = "<group>"; };
		443C239C267274810084C63F /* JailbreakDetection.swift */ = {isa = PBXFileReference; lastKnownFileType = sourcecode.swift; path = JailbreakDetection.swift; sourceTree = "<group>"; };
		443C239E267274960084C63F /* DetectionMechanism.swift */ = {isa = PBXFileReference; lastKnownFileType = sourcecode.swift; path = DetectionMechanism.swift; sourceTree = "<group>"; };
		443C23A026729A590084C63F /* Issue.swift */ = {isa = PBXFileReference; lastKnownFileType = sourcecode.swift; path = Issue.swift; sourceTree = "<group>"; };
		443C23A326729BE90084C63F /* View+isHidden.swift */ = {isa = PBXFileReference; lastKnownFileType = sourcecode.swift; path = "View+isHidden.swift"; sourceTree = "<group>"; };
		443C23A526729DD80084C63F /* DescriptionView.swift */ = {isa = PBXFileReference; lastKnownFileType = sourcecode.swift; path = DescriptionView.swift; sourceTree = "<group>"; };
		443C23A72672A2970084C63F /* Description.swift */ = {isa = PBXFileReference; lastKnownFileType = sourcecode.swift; path = Description.swift; sourceTree = "<group>"; };
/* End PBXFileReference section */

/* Begin PBXFrameworksBuildPhase section */
		443C2381267269950084C63F /* Frameworks */ = {
			isa = PBXFrameworksBuildPhase;
			buildActionMask = 2147483647;
			files = (
			);
			runOnlyForDeploymentPostprocessing = 0;
		};
/* End PBXFrameworksBuildPhase section */

/* Begin PBXGroup section */
		443C237B267269940084C63F = {
			isa = PBXGroup;
			children = (
				443C2386267269950084C63F /* Security Companion */,
				443C2385267269950084C63F /* Products */,
			);
			sourceTree = "<group>";
		};
		443C2385267269950084C63F /* Products */ = {
			isa = PBXGroup;
			children = (
				443C2384267269950084C63F /* Security Companion.app */,
			);
			name = Products;
			sourceTree = "<group>";
		};
		443C2386267269950084C63F /* Security Companion */ = {
			isa = PBXGroup;
			children = (
				443C23A226729BD90084C63F /* Views */,
				443C2399267274370084C63F /* SecurityChecks */,
				443C2387267269950084C63F /* Security_CompanionApp.swift */,
				443C2389267269950084C63F /* ContentView.swift */,
				443C238B267269960084C63F /* Assets.xcassets */,
				443C238D267269960084C63F /* Preview Content */,
			);
			path = "Security Companion";
			sourceTree = "<group>";
		};
		443C238D267269960084C63F /* Preview Content */ = {
			isa = PBXGroup;
			children = (
				443C238E267269960084C63F /* Preview Assets.xcassets */,
			);
			path = "Preview Content";
			sourceTree = "<group>";
		};
		443C2399267274370084C63F /* SecurityChecks */ = {
			isa = PBXGroup;
			children = (
				443C239A2672744A0084C63F /* SecurityCheck.swift */,
				443C239C267274810084C63F /* JailbreakDetection.swift */,
				443C239E267274960084C63F /* DetectionMechanism.swift */,
				443C23A026729A590084C63F /* Issue.swift */,
				443C23A72672A2970084C63F /* Description.swift */,
			);
			path = SecurityChecks;
			sourceTree = "<group>";
		};
		443C23A226729BD90084C63F /* Views */ = {
			isa = PBXGroup;
			children = (
				443C23A326729BE90084C63F /* View+isHidden.swift */,
				443C23A526729DD80084C63F /* DescriptionView.swift */,
			);
			path = Views;
			sourceTree = "<group>";
		};
/* End PBXGroup section */

/* Begin PBXNativeTarget section */
		443C2383267269950084C63F /* Security Companion */ = {
			isa = PBXNativeTarget;
			buildConfigurationList = 443C2392267269960084C63F /* Build configuration list for PBXNativeTarget "Security Companion" */;
			buildPhases = (
				443C2380267269950084C63F /* Sources */,
				443C2381267269950084C63F /* Frameworks */,
				443C2382267269950084C63F /* Resources */,
			);
			buildRules = (
			);
			dependencies = (
			);
			name = "Security Companion";
			productName = "Security Companion";
			productReference = 443C2384267269950084C63F /* Security Companion.app */;
			productType = "com.apple.product-type.application";
		};
/* End PBXNativeTarget section */

/* Begin PBXProject section */
		443C237C267269940084C63F /* Project object */ = {
			isa = PBXProject;
			attributes = {
				BuildIndependentTargetsInParallel = 1;
				LastSwiftUpdateCheck = 1300;
				LastUpgradeCheck = 1300;
				TargetAttributes = {
					443C2383267269950084C63F = {
						CreatedOnToolsVersion = 13.0;
					};
				};
			};
			buildConfigurationList = 443C237F267269940084C63F /* Build configuration list for PBXProject "Security Companion" */;
			compatibilityVersion = "Xcode 13.0";
			developmentRegion = en;
			hasScannedForEncodings = 0;
			knownRegions = (
				en,
				Base,
			);
			mainGroup = 443C237B267269940084C63F;
			productRefGroup = 443C2385267269950084C63F /* Products */;
			projectDirPath = "";
			projectRoot = "";
			targets = (
				443C2383267269950084C63F /* Security Companion */,
			);
		};
/* End PBXProject section */

/* Begin PBXResourcesBuildPhase section */
		443C2382267269950084C63F /* Resources */ = {
			isa = PBXResourcesBuildPhase;
			buildActionMask = 2147483647;
			files = (
				443C238F267269960084C63F /* Preview Assets.xcassets in Resources */,
				443C238C267269960084C63F /* Assets.xcassets in Resources */,
			);
			runOnlyForDeploymentPostprocessing = 0;
		};
/* End PBXResourcesBuildPhase section */

/* Begin PBXSourcesBuildPhase section */
		443C2380267269950084C63F /* Sources */ = {
			isa = PBXSourcesBuildPhase;
			buildActionMask = 2147483647;
			files = (
				443C238A267269950084C63F /* ContentView.swift in Sources */,
				443C2388267269950084C63F /* Security_CompanionApp.swift in Sources */,
				443C23A426729BE90084C63F /* View+isHidden.swift in Sources */,
				443C239B2672744A0084C63F /* SecurityCheck.swift in Sources */,
				443C239F267274960084C63F /* DetectionMechanism.swift in Sources */,
				443C239D267274810084C63F /* JailbreakDetection.swift in Sources */,
				443C23A82672A2970084C63F /* Description.swift in Sources */,
				443C23A126729A590084C63F /* Issue.swift in Sources */,
				443C23A626729DD90084C63F /* DescriptionView.swift in Sources */,
			);
			runOnlyForDeploymentPostprocessing = 0;
		};
/* End PBXSourcesBuildPhase section */

/* Begin XCBuildConfiguration section */
		443C2390267269960084C63F /* Debug */ = {
			isa = XCBuildConfiguration;
			buildSettings = {
				ALWAYS_SEARCH_USER_PATHS = NO;
				CLANG_ANALYZER_NONNULL = YES;
				CLANG_ANALYZER_NUMBER_OBJECT_CONVERSION = YES_AGGRESSIVE;
				CLANG_CXX_LANGUAGE_STANDARD = "gnu++14";
				CLANG_CXX_LIBRARY = "libc++";
				CLANG_ENABLE_MODULES = YES;
				CLANG_ENABLE_OBJC_ARC = YES;
				CLANG_ENABLE_OBJC_WEAK = YES;
				CLANG_WARN_BLOCK_CAPTURE_AUTORELEASING = YES;
				CLANG_WARN_BOOL_CONVERSION = YES;
				CLANG_WARN_COMMA = YES;
				CLANG_WARN_CONSTANT_CONVERSION = YES;
				CLANG_WARN_DEPRECATED_OBJC_IMPLEMENTATIONS = YES;
				CLANG_WARN_DIRECT_OBJC_ISA_USAGE = YES_ERROR;
				CLANG_WARN_DOCUMENTATION_COMMENTS = YES;
				CLANG_WARN_EMPTY_BODY = YES;
				CLANG_WARN_ENUM_CONVERSION = YES;
				CLANG_WARN_INFINITE_RECURSION = YES;
				CLANG_WARN_INT_CONVERSION = YES;
				CLANG_WARN_NON_LITERAL_NULL_CONVERSION = YES;
				CLANG_WARN_OBJC_IMPLICIT_RETAIN_SELF = YES;
				CLANG_WARN_OBJC_LITERAL_CONVERSION = YES;
				CLANG_WARN_OBJC_ROOT_CLASS = YES_ERROR;
				CLANG_WARN_QUOTED_INCLUDE_IN_FRAMEWORK_HEADER = YES;
				CLANG_WARN_RANGE_LOOP_ANALYSIS = YES;
				CLANG_WARN_STRICT_PROTOTYPES = YES;
				CLANG_WARN_SUSPICIOUS_MOVE = YES;
				CLANG_WARN_UNGUARDED_AVAILABILITY = YES_AGGRESSIVE;
				CLANG_WARN_UNREACHABLE_CODE = YES;
				CLANG_WARN__DUPLICATE_METHOD_MATCH = YES;
				COPY_PHASE_STRIP = NO;
				DEBUG_INFORMATION_FORMAT = dwarf;
				ENABLE_STRICT_OBJC_MSGSEND = YES;
				ENABLE_TESTABILITY = YES;
				GCC_C_LANGUAGE_STANDARD = gnu11;
				GCC_DYNAMIC_NO_PIC = NO;
				GCC_NO_COMMON_BLOCKS = YES;
				GCC_OPTIMIZATION_LEVEL = 0;
				GCC_PREPROCESSOR_DEFINITIONS = (
					"DEBUG=1",
					"$(inherited)",
				);
				GCC_WARN_64_TO_32_BIT_CONVERSION = YES;
				GCC_WARN_ABOUT_RETURN_TYPE = YES_ERROR;
				GCC_WARN_UNDECLARED_SELECTOR = YES;
				GCC_WARN_UNINITIALIZED_AUTOS = YES_AGGRESSIVE;
				GCC_WARN_UNUSED_FUNCTION = YES;
				GCC_WARN_UNUSED_VARIABLE = YES;
				IPHONEOS_DEPLOYMENT_TARGET = 15.0;
				MTL_ENABLE_DEBUG_INFO = INCLUDE_SOURCE;
				MTL_FAST_MATH = YES;
				ONLY_ACTIVE_ARCH = YES;
				SDKROOT = iphoneos;
				SWIFT_ACTIVE_COMPILATION_CONDITIONS = DEBUG;
				SWIFT_OPTIMIZATION_LEVEL = "-Onone";
			};
			name = Debug;
		};
		443C2391267269960084C63F /* Release */ = {
			isa = XCBuildConfiguration;
			buildSettings = {
				ALWAYS_SEARCH_USER_PATHS = NO;
				CLANG_ANALYZER_NONNULL = YES;
				CLANG_ANALYZER_NUMBER_OBJECT_CONVERSION = YES_AGGRESSIVE;
				CLANG_CXX_LANGUAGE_STANDARD = "gnu++14";
				CLANG_CXX_LIBRARY = "libc++";
				CLANG_ENABLE_MODULES = YES;
				CLANG_ENABLE_OBJC_ARC = YES;
				CLANG_ENABLE_OBJC_WEAK = YES;
				CLANG_WARN_BLOCK_CAPTURE_AUTORELEASING = YES;
				CLANG_WARN_BOOL_CONVERSION = YES;
				CLANG_WARN_COMMA = YES;
				CLANG_WARN_CONSTANT_CONVERSION = YES;
				CLANG_WARN_DEPRECATED_OBJC_IMPLEMENTATIONS = YES;
				CLANG_WARN_DIRECT_OBJC_ISA_USAGE = YES_ERROR;
				CLANG_WARN_DOCUMENTATION_COMMENTS = YES;
				CLANG_WARN_EMPTY_BODY = YES;
				CLANG_WARN_ENUM_CONVERSION = YES;
				CLANG_WARN_INFINITE_RECURSION = YES;
				CLANG_WARN_INT_CONVERSION = YES;
				CLANG_WARN_NON_LITERAL_NULL_CONVERSION = YES;
				CLANG_WARN_OBJC_IMPLICIT_RETAIN_SELF = YES;
				CLANG_WARN_OBJC_LITERAL_CONVERSION = YES;
				CLANG_WARN_OBJC_ROOT_CLASS = YES_ERROR;
				CLANG_WARN_QUOTED_INCLUDE_IN_FRAMEWORK_HEADER = YES;
				CLANG_WARN_RANGE_LOOP_ANALYSIS = YES;
				CLANG_WARN_STRICT_PROTOTYPES = YES;
				CLANG_WARN_SUSPICIOUS_MOVE = YES;
				CLANG_WARN_UNGUARDED_AVAILABILITY = YES_AGGRESSIVE;
				CLANG_WARN_UNREACHABLE_CODE = YES;
				CLANG_WARN__DUPLICATE_METHOD_MATCH = YES;
				COPY_PHASE_STRIP = NO;
				DEBUG_INFORMATION_FORMAT = "dwarf-with-dsym";
				ENABLE_NS_ASSERTIONS = NO;
				ENABLE_STRICT_OBJC_MSGSEND = YES;
				GCC_C_LANGUAGE_STANDARD = gnu11;
				GCC_NO_COMMON_BLOCKS = YES;
				GCC_WARN_64_TO_32_BIT_CONVERSION = YES;
				GCC_WARN_ABOUT_RETURN_TYPE = YES_ERROR;
				GCC_WARN_UNDECLARED_SELECTOR = YES;
				GCC_WARN_UNINITIALIZED_AUTOS = YES_AGGRESSIVE;
				GCC_WARN_UNUSED_FUNCTION = YES;
				GCC_WARN_UNUSED_VARIABLE = YES;
				IPHONEOS_DEPLOYMENT_TARGET = 15.0;
				MTL_ENABLE_DEBUG_INFO = NO;
				MTL_FAST_MATH = YES;
				SDKROOT = iphoneos;
				SWIFT_COMPILATION_MODE = wholemodule;
				SWIFT_OPTIMIZATION_LEVEL = "-O";
				VALIDATE_PRODUCT = YES;
			};
			name = Release;
		};
		443C2393267269960084C63F /* Debug */ = {
			isa = XCBuildConfiguration;
			buildSettings = {
				ASSETCATALOG_COMPILER_APPICON_NAME = AppIcon;
				ASSETCATALOG_COMPILER_GLOBAL_ACCENT_COLOR_NAME = AccentColor;
				CODE_SIGN_STYLE = Automatic;
				CURRENT_PROJECT_VERSION = 1;
				DEVELOPMENT_ASSET_PATHS = "\"Security Companion/Preview Content\"";
				DEVELOPMENT_TEAM = W6RB25ZNB7;
				ENABLE_PREVIEWS = YES;
				GENERATE_INFOPLIST_FILE = YES;
				INFOPLIST_KEY_UIApplicationSceneManifest_Generation = YES;
				INFOPLIST_KEY_UIApplicationSupportsIndirectInputEvents = YES;
				INFOPLIST_KEY_UILaunchScreen_Generation = YES;
				INFOPLIST_KEY_UISupportedInterfaceOrientations_iPad = "UIInterfaceOrientationPortrait UIInterfaceOrientationPortraitUpsideDown UIInterfaceOrientationLandscapeLeft UIInterfaceOrientationLandscapeRight";
				INFOPLIST_KEY_UISupportedInterfaceOrientations_iPhone = "UIInterfaceOrientationPortrait UIInterfaceOrientationLandscapeLeft UIInterfaceOrientationLandscapeRight";
				IPHONEOS_DEPLOYMENT_TARGET = 14.0;
				LD_RUNPATH_SEARCH_PATHS = (
					"$(inherited)",
					"@executable_path/Frameworks",
				);
				MARKETING_VERSION = 1.0;
				PRODUCT_BUNDLE_IDENTIFIER = "com.avltree9798.Security-Companion";
				PRODUCT_NAME = "$(TARGET_NAME)";
				SWIFT_EMIT_LOC_STRINGS = YES;
				SWIFT_VERSION = 5.0;
				TARGETED_DEVICE_FAMILY = "1,2";
			};
			name = Debug;
		};
		443C2394267269960084C63F /* Release */ = {
			isa = XCBuildConfiguration;
			buildSettings = {
				ASSETCATALOG_COMPILER_APPICON_NAME = AppIcon;
				ASSETCATALOG_COMPILER_GLOBAL_ACCENT_COLOR_NAME = AccentColor;
				CODE_SIGN_STYLE = Automatic;
				CURRENT_PROJECT_VERSION = 1;
				DEVELOPMENT_ASSET_PATHS = "\"Security Companion/Preview Content\"";
				DEVELOPMENT_TEAM = W6RB25ZNB7;
				ENABLE_PREVIEWS = YES;
				GENERATE_INFOPLIST_FILE = YES;
				INFOPLIST_KEY_UIApplicationSceneManifest_Generation = YES;
				INFOPLIST_KEY_UIApplicationSupportsIndirectInputEvents = YES;
				INFOPLIST_KEY_UILaunchScreen_Generation = YES;
				INFOPLIST_KEY_UISupportedInterfaceOrientations_iPad = "UIInterfaceOrientationPortrait UIInterfaceOrientationPortraitUpsideDown UIInterfaceOrientationLandscapeLeft UIInterfaceOrientationLandscapeRight";
				INFOPLIST_KEY_UISupportedInterfaceOrientations_iPhone = "UIInterfaceOrientationPortrait UIInterfaceOrientationLandscapeLeft UIInterfaceOrientationLandscapeRight";
				IPHONEOS_DEPLOYMENT_TARGET = 14.0;
				LD_RUNPATH_SEARCH_PATHS = (
					"$(inherited)",
					"@executable_path/Frameworks",
				);
				MARKETING_VERSION = 1.0;
				PRODUCT_BUNDLE_IDENTIFIER = "com.avltree9798.Security-Companion";
				PRODUCT_NAME = "$(TARGET_NAME)";
				SWIFT_EMIT_LOC_STRINGS = YES;
				SWIFT_VERSION = 5.0;
				TARGETED_DEVICE_FAMILY = "1,2";
			};
			name = Release;
		};
/* End XCBuildConfiguration section */

/* Begin XCConfigurationList section */
		443C237F267269940084C63F /* Build configuration list for PBXProject "Security Companion" */ = {
			isa = XCConfigurationList;
			buildConfigurations = (
				443C2390267269960084C63F /* Debug */,
				443C2391267269960084C63F /* Release */,
			);
			defaultConfigurationIsVisible = 0;
			defaultConfigurationName = Release;
		};
		443C2392267269960084C63F /* Build configuration list for PBXNativeTarget "Security Companion" */ = {
			isa = XCConfigurationList;
			buildConfigurations = (
				443C2393267269960084C63F /* Debug */,
				443C2394267269960084C63F /* Release */,
			);
			defaultConfigurationIsVisible = 0;
			defaultConfigurationName = Release;
		};
/* End XCConfigurationList section */
	};
	rootObject = 443C237C267269940084C63F /* Project object */;
}
